
Microsoft Visual Studio Solution File, Format Version 12.00
# Visual Studio Version 16
VisualStudioVersion = 16.0.31005.135
MinimumVisualStudioVersion = 10.0.40219.1
Project("{9A19103F-16F7-4668-BE54-9A1E7A4F7556}") = "BlazorAcademico.Server", "Server\BlazorAcademico.Server.csproj", "{77DA6389-3C73-4951-B885-1F4B345D0CF0}"
EndProject
Project("{9A19103F-16F7-4668-BE54-9A1E7A4F7556}") = "BlazorAcademico.Client", "Client\BlazorAcademico.Client.csproj", "{78DFBA7F-DA6D-48A3-BB49-E91147B5CD09}"
EndProject
Project("{9A19103F-16F7-4668-BE54-9A1E7A4F7556}") = "BlazorAcademico.Shared", "Shared\BlazorAcademico.Shared.csproj", "{116D2CA7-F1BB-41F9-B178-791E5F4FA443}"
EndProject
Global
	GlobalSection(SolutionConfigurationPlatforms) = preSolution
		Debug|Any CPU = Debug|Any CPU
		Release|Any CPU = Release|Any CPU
	EndGlobalSection
	GlobalSection(ProjectConfigurationPlatforms) = postSolution
		{77DA6389-3C73-4951-B885-1F4B345D0CF0}.Debug|Any CPU.ActiveCfg = Debug|Any CPU
		{77DA6389-3C73-4951-B885-1F4B345D0CF0}.Debug|Any CPU.Build.0 = Debug|Any CPU
		{77DA6389-3C73-4951-B885-1F4B345D0CF0}.Release|Any CPU.ActiveCfg = Release|Any CPU
		{77DA6389-3C73-4951-B885-1F4B345D0CF0}.Release|Any CPU.Build.0 = Release|Any CPU
		{78DFBA7F-DA6D-48A3-BB49-E91147B5CD09}.Debug|Any CPU.ActiveCfg = Debug|Any CPU
		{78DFBA7F-DA6D-48A3-BB49-E91147B5CD09}.Debug|Any CPU.Build.0 = Debug|Any CPU
		{78DFBA7F-DA6D-48A3-BB49-E91147B5CD09}.Release|Any CPU.ActiveCfg = Release|Any CPU
		{78DFBA7F-DA6D-48A3-BB49-E91147B5CD09}.Release|Any CPU.Build.0 = Release|Any CPU
		{116D2CA7-F1BB-41F9-B178-791E5F4FA443}.Debug|Any CPU.ActiveCfg = Debug|Any CPU
		{116D2CA7-F1BB-41F9-B178-791E5F4FA443}.Debug|Any CPU.Build.0 = Debug|Any CPU
		{116D2CA7-F1BB-41F9-B178-791E5F4FA443}.Release|Any CPU.ActiveCfg = Release|Any CPU
		{116D2CA7-F1BB-41F9-B178-791E5F4FA443}.Release|Any CPU.Build.0 = Release|Any CPU
	EndGlobalSection
	GlobalSection(SolutionProperties) = preSolution
		HideSolutionNode = FALSE
	EndGlobalSection
	GlobalSection(ExtensibilityGlobals) = postSolution
		SolutionGuid = {6881FC6D-9ABE-46DC-B603-6BFC49BE305A}
	EndGlobalSection
EndGlobal
